
Microsoft Visual Studio Solution File, Format Version 12.00
# Visual Studio Version 17
VisualStudioVersion = 17.0.31912.275
MinimumVisualStudioVersion = 10.0.40219.1
Project("{FAE04EC0-301F-11D3-BF4B-00C04F79EFBC}") = "PowerBIWasmExample.Server", "PowerBIWasmExample\Server\PowerBIWasmExample.Server.csproj", "{7F121C8E-EA3C-424D-BB5F-B179276E1B00}"
EndProject
Project("{FAE04EC0-301F-11D3-BF4B-00C04F79EFBC}") = "PowerBIWasmExample.Client", "PowerBIWasmExample\Client\PowerBIWasmExample.Client.csproj", "{F8C1A759-A54C-43C2-9E85-216034E4BA69}"
EndProject
Project("{FAE04EC0-301F-11D3-BF4B-00C04F79EFBC}") = "PowerBIWasmExample.Shared", "PowerBIWasmExample\Shared\PowerBIWasmExample.Shared.csproj", "{53B10D1D-A2B9-4B93-8069-6B3BA8CD9921}"
EndProject
Global
	GlobalSection(SolutionConfigurationPlatforms) = preSolution
		Debug|Any CPU = Debug|Any CPU
		Release|Any CPU = Release|Any CPU
	EndGlobalSection
	GlobalSection(ProjectConfigurationPlatforms) = postSolution
		{7F121C8E-EA3C-424D-BB5F-B179276E1B00}.Debug|Any CPU.ActiveCfg = Debug|Any CPU
		{7F121C8E-EA3C-424D-BB5F-B179276E1B00}.Debug|Any CPU.Build.0 = Debug|Any CPU
		{7F121C8E-EA3C-424D-BB5F-B179276E1B00}.Release|Any CPU.ActiveCfg = Release|Any CPU
		{7F121C8E-EA3C-424D-BB5F-B179276E1B00}.Release|Any CPU.Build.0 = Release|Any CPU
		{F8C1A759-A54C-43C2-9E85-216034E4BA69}.Debug|Any CPU.ActiveCfg = Debug|Any CPU
		{F8C1A759-A54C-43C2-9E85-216034E4BA69}.Debug|Any CPU.Build.0 = Debug|Any CPU
		{F8C1A759-A54C-43C2-9E85-216034E4BA69}.Release|Any CPU.ActiveCfg = Release|Any CPU
		{F8C1A759-A54C-43C2-9E85-216034E4BA69}.Release|Any CPU.Build.0 = Release|Any CPU
		{53B10D1D-A2B9-4B93-8069-6B3BA8CD9921}.Debug|Any CPU.ActiveCfg = Debug|Any CPU
		{53B10D1D-A2B9-4B93-8069-6B3BA8CD9921}.Debug|Any CPU.Build.0 = Debug|Any CPU
		{53B10D1D-A2B9-4B93-8069-6B3BA8CD9921}.Release|Any CPU.ActiveCfg = Release|Any CPU
		{53B10D1D-A2B9-4B93-8069-6B3BA8CD9921}.Release|Any CPU.Build.0 = Release|Any CPU
	EndGlobalSection
	GlobalSection(SolutionProperties) = preSolution
		HideSolutionNode = FALSE
	EndGlobalSection
	GlobalSection(ExtensibilityGlobals) = postSolution
		SolutionGuid = {74377259-16EC-442C-8BD7-6458A0E84D3D}
	EndGlobalSection
EndGlobal
